
Microsoft Visual Studio Solution File, Format Version 12.00
# Visual Studio Version 16
VisualStudioVersion = 16.0.29613.14
MinimumVisualStudioVersion = 10.0.40219.1
Project("{8BC9CEB8-8B4A-11D0-8D11-00A0C91BC942}") = "Project3", "Project3\Project3.vcxproj", "{0D134EF9-EC1D-44A9-99A8-1D052E635118}"
EndProject
Global
	GlobalSection(SolutionConfigurationPlatforms) = preSolution
		Debug|x64 = Debug|x64
		Debug|x86 = Debug|x86
		Release|x64 = Release|x64
		Release|x86 = Release|x86
	EndGlobalSection
	GlobalSection(ProjectConfigurationPlatforms) = postSolution
		{0D134EF9-EC1D-44A9-99A8-1D052E635118}.Debug|x64.ActiveCfg = Debug|x64
		{0D134EF9-EC1D-44A9-99A8-1D052E635118}.Debug|x64.Build.0 = Debug|x64
		{0D134EF9-EC1D-44A9-99A8-1D052E635118}.Debug|x86.ActiveCfg = Debug|Win32
		{0D134EF9-EC1D-44A9-99A8-1D052E635118}.Debug|x86.Build.0 = Debug|Win32
		{0D134EF9-EC1D-44A9-99A8-1D052E635118}.Release|x64.ActiveCfg = Release|x64
		{0D134EF9-EC1D-44A9-99A8-1D052E635118}.Release|x64.Build.0 = Release|x64
		{0D134EF9-EC1D-44A9-99A8-1D052E635118}.Release|x86.ActiveCfg = Release|Win32
		{0D134EF9-EC1D-44A9-99A8-1D052E635118}.Release|x86.Build.0 = Release|Win32
	EndGlobalSection
	GlobalSection(SolutionProperties) = preSolution
		HideSolutionNode = FALSE
	EndGlobalSection
	GlobalSection(ExtensibilityGlobals) = postSolution
		SolutionGuid = {6A48B4C3-AB3D-4FAE-B604-1EB65A034B05}
	EndGlobalSection
EndGlobal
