
Microsoft Visual Studio Solution File, Format Version 12.00
# Visual Studio Version 16
VisualStudioVersion = 16.0.29613.14
MinimumVisualStudioVersion = 10.0.40219.1
Project("{8BC9CEB8-8B4A-11D0-8D11-00A0C91BC942}") = "Project33", "Project33\Project33.vcxproj", "{931109DE-C9BB-4860-87D1-5EE19143286C}"
EndProject
Global
	GlobalSection(SolutionConfigurationPlatforms) = preSolution
		Debug|x64 = Debug|x64
		Debug|x86 = Debug|x86
		Release|x64 = Release|x64
		Release|x86 = Release|x86
	EndGlobalSection
	GlobalSection(ProjectConfigurationPlatforms) = postSolution
		{931109DE-C9BB-4860-87D1-5EE19143286C}.Debug|x64.ActiveCfg = Debug|x64
		{931109DE-C9BB-4860-87D1-5EE19143286C}.Debug|x64.Build.0 = Debug|x64
		{931109DE-C9BB-4860-87D1-5EE19143286C}.Debug|x86.ActiveCfg = Debug|Win32
		{931109DE-C9BB-4860-87D1-5EE19143286C}.Debug|x86.Build.0 = Debug|Win32
		{931109DE-C9BB-4860-87D1-5EE19143286C}.Release|x64.ActiveCfg = Release|x64
		{931109DE-C9BB-4860-87D1-5EE19143286C}.Release|x64.Build.0 = Release|x64
		{931109DE-C9BB-4860-87D1-5EE19143286C}.Release|x86.ActiveCfg = Release|Win32
		{931109DE-C9BB-4860-87D1-5EE19143286C}.Release|x86.Build.0 = Release|Win32
	EndGlobalSection
	GlobalSection(SolutionProperties) = preSolution
		HideSolutionNode = FALSE
	EndGlobalSection
	GlobalSection(ExtensibilityGlobals) = postSolution
		SolutionGuid = {630AEBFB-BD2D-4EBE-B77D-E7ACB4D8812B}
	EndGlobalSection
EndGlobal
