
Microsoft Visual Studio Solution File, Format Version 12.00
# Visual Studio Version 16
VisualStudioVersion = 16.0.29613.14
MinimumVisualStudioVersion = 10.0.40219.1
Project("{8BC9CEB8-8B4A-11D0-8D11-00A0C91BC942}") = "Project28", "Project28\Project28.vcxproj", "{86BFB597-2E98-42DE-9F1D-D05B56F26503}"
EndProject
Global
	GlobalSection(SolutionConfigurationPlatforms) = preSolution
		Debug|x64 = Debug|x64
		Debug|x86 = Debug|x86
		Release|x64 = Release|x64
		Release|x86 = Release|x86
	EndGlobalSection
	GlobalSection(ProjectConfigurationPlatforms) = postSolution
		{86BFB597-2E98-42DE-9F1D-D05B56F26503}.Debug|x64.ActiveCfg = Debug|x64
		{86BFB597-2E98-42DE-9F1D-D05B56F26503}.Debug|x64.Build.0 = Debug|x64
		{86BFB597-2E98-42DE-9F1D-D05B56F26503}.Debug|x86.ActiveCfg = Debug|Win32
		{86BFB597-2E98-42DE-9F1D-D05B56F26503}.Debug|x86.Build.0 = Debug|Win32
		{86BFB597-2E98-42DE-9F1D-D05B56F26503}.Release|x64.ActiveCfg = Release|x64
		{86BFB597-2E98-42DE-9F1D-D05B56F26503}.Release|x64.Build.0 = Release|x64
		{86BFB597-2E98-42DE-9F1D-D05B56F26503}.Release|x86.ActiveCfg = Release|Win32
		{86BFB597-2E98-42DE-9F1D-D05B56F26503}.Release|x86.Build.0 = Release|Win32
	EndGlobalSection
	GlobalSection(SolutionProperties) = preSolution
		HideSolutionNode = FALSE
	EndGlobalSection
	GlobalSection(ExtensibilityGlobals) = postSolution
		SolutionGuid = {C6C9064C-5325-47AA-BCC7-3FC3AF54534D}
	EndGlobalSection
EndGlobal
