
Microsoft Visual Studio Solution File, Format Version 12.00
# Visual Studio Version 16
VisualStudioVersion = 16.0.29613.14
MinimumVisualStudioVersion = 10.0.40219.1
Project("{8BC9CEB8-8B4A-11D0-8D11-00A0C91BC942}") = "Project42", "Project42\Project42.vcxproj", "{23E6A644-D3A3-4E43-90B0-6626D30EE3AF}"
EndProject
Global
	GlobalSection(SolutionConfigurationPlatforms) = preSolution
		Debug|x64 = Debug|x64
		Debug|x86 = Debug|x86
		Release|x64 = Release|x64
		Release|x86 = Release|x86
	EndGlobalSection
	GlobalSection(ProjectConfigurationPlatforms) = postSolution
		{23E6A644-D3A3-4E43-90B0-6626D30EE3AF}.Debug|x64.ActiveCfg = Debug|x64
		{23E6A644-D3A3-4E43-90B0-6626D30EE3AF}.Debug|x64.Build.0 = Debug|x64
		{23E6A644-D3A3-4E43-90B0-6626D30EE3AF}.Debug|x86.ActiveCfg = Debug|Win32
		{23E6A644-D3A3-4E43-90B0-6626D30EE3AF}.Debug|x86.Build.0 = Debug|Win32
		{23E6A644-D3A3-4E43-90B0-6626D30EE3AF}.Release|x64.ActiveCfg = Release|x64
		{23E6A644-D3A3-4E43-90B0-6626D30EE3AF}.Release|x64.Build.0 = Release|x64
		{23E6A644-D3A3-4E43-90B0-6626D30EE3AF}.Release|x86.ActiveCfg = Release|Win32
		{23E6A644-D3A3-4E43-90B0-6626D30EE3AF}.Release|x86.Build.0 = Release|Win32
	EndGlobalSection
	GlobalSection(SolutionProperties) = preSolution
		HideSolutionNode = FALSE
	EndGlobalSection
	GlobalSection(ExtensibilityGlobals) = postSolution
		SolutionGuid = {A4134BD2-BF4C-4D49-80AC-55CFE29FD1C3}
	EndGlobalSection
EndGlobal
