
Microsoft Visual Studio Solution File, Format Version 12.00
# Visual Studio Version 16
VisualStudioVersion = 16.0.31005.135
MinimumVisualStudioVersion = 10.0.40219.1
Project("{8BC9CEB8-8B4A-11D0-8D11-00A0C91BC942}") = "15591(MooTube_Graph)", "15591(MooTube_Graph).vcxproj", "{95186CAE-0DF5-471F-88D9-1D15A03C9671}"
EndProject
Global
	GlobalSection(SolutionConfigurationPlatforms) = preSolution
		Debug|x64 = Debug|x64
		Debug|x86 = Debug|x86
		Release|x64 = Release|x64
		Release|x86 = Release|x86
	EndGlobalSection
	GlobalSection(ProjectConfigurationPlatforms) = postSolution
		{95186CAE-0DF5-471F-88D9-1D15A03C9671}.Debug|x64.ActiveCfg = Debug|x64
		{95186CAE-0DF5-471F-88D9-1D15A03C9671}.Debug|x64.Build.0 = Debug|x64
		{95186CAE-0DF5-471F-88D9-1D15A03C9671}.Debug|x86.ActiveCfg = Debug|Win32
		{95186CAE-0DF5-471F-88D9-1D15A03C9671}.Debug|x86.Build.0 = Debug|Win32
		{95186CAE-0DF5-471F-88D9-1D15A03C9671}.Release|x64.ActiveCfg = Release|x64
		{95186CAE-0DF5-471F-88D9-1D15A03C9671}.Release|x64.Build.0 = Release|x64
		{95186CAE-0DF5-471F-88D9-1D15A03C9671}.Release|x86.ActiveCfg = Release|Win32
		{95186CAE-0DF5-471F-88D9-1D15A03C9671}.Release|x86.Build.0 = Release|Win32
	EndGlobalSection
	GlobalSection(SolutionProperties) = preSolution
		HideSolutionNode = FALSE
	EndGlobalSection
	GlobalSection(ExtensibilityGlobals) = postSolution
		SolutionGuid = {27F970F0-5908-42F1-942C-D56100CBC5E0}
	EndGlobalSection
EndGlobal
