
Microsoft Visual Studio Solution File, Format Version 12.00
# Visual Studio Version 16
VisualStudioVersion = 16.0.29613.14
MinimumVisualStudioVersion = 10.0.40219.1
Project("{8BC9CEB8-8B4A-11D0-8D11-00A0C91BC942}") = "Project34", "Project34\Project34.vcxproj", "{43BEF2FD-A114-4D57-AD95-49D9080FACB2}"
EndProject
Global
	GlobalSection(SolutionConfigurationPlatforms) = preSolution
		Debug|x64 = Debug|x64
		Debug|x86 = Debug|x86
		Release|x64 = Release|x64
		Release|x86 = Release|x86
	EndGlobalSection
	GlobalSection(ProjectConfigurationPlatforms) = postSolution
		{43BEF2FD-A114-4D57-AD95-49D9080FACB2}.Debug|x64.ActiveCfg = Debug|x64
		{43BEF2FD-A114-4D57-AD95-49D9080FACB2}.Debug|x64.Build.0 = Debug|x64
		{43BEF2FD-A114-4D57-AD95-49D9080FACB2}.Debug|x86.ActiveCfg = Debug|Win32
		{43BEF2FD-A114-4D57-AD95-49D9080FACB2}.Debug|x86.Build.0 = Debug|Win32
		{43BEF2FD-A114-4D57-AD95-49D9080FACB2}.Release|x64.ActiveCfg = Release|x64
		{43BEF2FD-A114-4D57-AD95-49D9080FACB2}.Release|x64.Build.0 = Release|x64
		{43BEF2FD-A114-4D57-AD95-49D9080FACB2}.Release|x86.ActiveCfg = Release|Win32
		{43BEF2FD-A114-4D57-AD95-49D9080FACB2}.Release|x86.Build.0 = Release|Win32
	EndGlobalSection
	GlobalSection(SolutionProperties) = preSolution
		HideSolutionNode = FALSE
	EndGlobalSection
	GlobalSection(ExtensibilityGlobals) = postSolution
		SolutionGuid = {A019BD1B-2BE4-4E31-8A90-4D4EBCD95E01}
	EndGlobalSection
EndGlobal
